<Solution>
  <Project Path="1-Hälsningsroboten/1-Hälsningsroboten.csproj" />
  <Project Path="10-Standardmeddelande/10-Standardmeddelande.csproj" Id="15d7746a-b272-448b-99e8-4b15cc4a4152" />
  <Project Path="11-SäkerSifferläsare/11-SäkerSifferläsare.csproj" Id="b05d718e-8d33-4f34-9a41-e42e8c306261" />
  <Project Path="12-Textformateraren/12-Textformateraren.csproj" Id="00db78e4-a7fe-4ef3-bde4-b26208caafdd" />
  <Project Path="13-Referensmodifiering/13-Referensmodifiering.csproj" Id="94d5d681-84ff-4a25-a78b-99399c671eab" />
  <Project Path="14-FlexibeltPrissystem/14-FlexibeltPrissystem.csproj" Id="686149d7-d65e-4a35-9e15-a3834b1f2798" />
  <Project Path="15-RekursivNedräkning/15-RekursivNedräkning.csproj" Id="a54d34e7-2e34-4d01-9a28-16c159d87aba" />
  <Project Path="2-SkrivLinje/2-SkrivLinje.csproj" Id="182d2f81-958f-4ad2-817f-ab141716ec4e" />
  <Project Path="3-PersonligHälsning/3-PersonligHälsning.csproj" Id="6f240a3a-add4-4539-afe9-c862d259732d" />
  <Project Path="4-Temperaturtips/4-Temperaturtips.csproj" Id="75e5fe0a-baec-43e5-847c-6c912e45979a" />
  <Project Path="5-Tärningskastet/5-Tärningskastet.csproj" Id="c1b94e1e-8dab-41f3-a12c-346c168c05e4" />
  <Project Path="6-Kvittobyggaren/6-Kvittobyggaren.csproj" Id="784088e4-d0d3-4423-9640-0e71239ca071" />
  <Project Path="7-SäkerTextinmatning/7-SäkerTextinmatning.csproj" Id="c3e4645e-48a4-4349-a83d-be03e7f6328d" />
  <Project Path="8-ValideraEpost/8-ValideraEpost.csproj" Id="a4d19df4-a9d9-49a0-9a55-d7f9b747df90" />
  <Project Path="9-Betygskalkylatorn/9-Betygskalkylatorn.csproj" Id="d672e84f-0d9f-4f20-9cb1-b702d757b971" />
</Solution>
